
Microsoft Visual Studio Solution File, Format Version 12.00
# Visual Studio Version 17
VisualStudioVersion = 17.13.35818.85 d17.13
MinimumVisualStudioVersion = 10.0.40219.1
Project("{8BC9CEB8-8B4A-11D0-8D11-00A0C91BC942}") = "Project3", "Project3\Project3.vcxproj", "{50013281-686D-4998-96C7-B26A27D8F3F6}"
EndProject
Global
	GlobalSection(SolutionConfigurationPlatforms) = preSolution
		Debug|x64 = Debug|x64
		Debug|x86 = Debug|x86
		Release|x64 = Release|x64
		Release|x86 = Release|x86
	EndGlobalSection
	GlobalSection(ProjectConfigurationPlatforms) = postSolution
		{50013281-686D-4998-96C7-B26A27D8F3F6}.Debug|x64.ActiveCfg = Debug|x64
		{50013281-686D-4998-96C7-B26A27D8F3F6}.Debug|x64.Build.0 = Debug|x64
		{50013281-686D-4998-96C7-B26A27D8F3F6}.Debug|x86.ActiveCfg = Debug|Win32
		{50013281-686D-4998-96C7-B26A27D8F3F6}.Debug|x86.Build.0 = Debug|Win32
		{50013281-686D-4998-96C7-B26A27D8F3F6}.Release|x64.ActiveCfg = Release|x64
		{50013281-686D-4998-96C7-B26A27D8F3F6}.Release|x64.Build.0 = Release|x64
		{50013281-686D-4998-96C7-B26A27D8F3F6}.Release|x86.ActiveCfg = Release|Win32
		{50013281-686D-4998-96C7-B26A27D8F3F6}.Release|x86.Build.0 = Release|Win32
	EndGlobalSection
	GlobalSection(SolutionProperties) = preSolution
		HideSolutionNode = FALSE
	EndGlobalSection
	GlobalSection(ExtensibilityGlobals) = postSolution
		SolutionGuid = {4290280F-875A-4270-96F8-07CC8A851219}
	EndGlobalSection
EndGlobal
